{
  "name": "Tarjeta",
  "lockfileVersion": 3,
  "requires": true,
  "packages": {
    "": {
      "dependencies": {
        "@labsjavascript2/utils": "^1.0.0"
      }
    },
    "node_modules/@labsjavascript2/utils": {
      "version": "1.0.0",
      "resolved": "https://registry.npmjs.org/@labsjavascript2/utils/-/utils-1.0.0.tgz",
      "integrity": "sha512-kG1L5sjlZeN6Us7gzx+/BNvV549fRwpnoB7e6++YEFFCmbTwVegNHhTkY053u4O1/oExHyzQK9cj2CvwRE2Ghw=="
    }
  }
}
